# This file is automatically @generated by Poetry 1.8.4 and should not be changed by hand.

[[package]]
name = "python-util"
version = "1.2.1"
description = "A small python utilities addon"
optional = false
python-versions = "*"
files = [
    {file = "python_util-1.2.1-py3-none-any.whl", hash = "sha256:bd7c24ad60e9bccf1d9b09fd569f5639c1db98ec372dcad67a7c03209f678189"},
]

[metadata]
lock-version = "2.0"
python-versions = "^3.10"
content-hash = "38040dfe1dd86d36025853a7791b0d0c764b0724b39960f9123f264b4e16076d"
